
Microsoft Visual Studio Solution File, Format Version 12.00
# Visual Studio 15
VisualStudioVersion = 15.0.27703.2035
MinimumVisualStudioVersion = 10.0.40219.1
Project("{9A19103F-16F7-4668-BE54-9A1E7A4F7556}") = "GenealogyTreeInGit", "GenealogyTreeInGit\GenealogyTreeInGit.csproj", "{BCA25DBC-40D5-4A84-A2DE-1915D75AFC39}"
EndProject
Global
	GlobalSection(SolutionConfigurationPlatforms) = preSolution
		Debug|Any CPU = Debug|Any CPU
		Release|Any CPU = Release|Any CPU
	EndGlobalSection
	GlobalSection(ProjectConfigurationPlatforms) = postSolution
		{BCA25DBC-40D5-4A84-A2DE-1915D75AFC39}.Debug|Any CPU.ActiveCfg = Debug|Any CPU
		{BCA25DBC-40D5-4A84-A2DE-1915D75AFC39}.Debug|Any CPU.Build.0 = Debug|Any CPU
		{BCA25DBC-40D5-4A84-A2DE-1915D75AFC39}.Release|Any CPU.ActiveCfg = Release|Any CPU
		{BCA25DBC-40D5-4A84-A2DE-1915D75AFC39}.Release|Any CPU.Build.0 = Release|Any CPU
	EndGlobalSection
	GlobalSection(SolutionProperties) = preSolution
		HideSolutionNode = FALSE
	EndGlobalSection
	GlobalSection(ExtensibilityGlobals) = postSolution
		SolutionGuid = {A7D2316C-838B-4AEC-B2DD-03FF2A20A75E}
	EndGlobalSection
EndGlobal
